{
  "name": "meandmal",
  "lockfileVersion": 2,
  "requires": true,
  "packages": {
    "": {
      "dependencies": {
        "react-papaparse": "^4.0.2"
      }
    },
    "node_modules/@types/node": {
      "version": "17.0.33",
      "resolved": "https://registry.npmjs.org/@types/node/-/node-17.0.33.tgz",
      "integrity": "sha512-miWq2m2FiQZmaHfdZNcbpp9PuXg34W5JZ5CrJ/BaS70VuhoJENBEQybeiYSaPBRNq6KQGnjfEnc/F3PN++D+XQ=="
    },
    "node_modules/@types/papaparse": {
      "version": "5.3.2",
      "resolved": "https://registry.npmjs.org/@types/papaparse/-/papaparse-5.3.2.tgz",
      "integrity": "sha512-BNbCHJkTE4RwmAFkCxEalET4mDvGr/1ld7ZtQ4i/laWI/iiVt+GL07stdvufle4KfywyvloqqpIiJscXNCrKxA==",
      "dependencies": {
        "@types/node": "*"
      }
    },
    "node_modules/papaparse": {
      "version": "5.3.2",
      "resolved": "https://registry.npmjs.org/papaparse/-/papaparse-5.3.2.tgz",
      "integrity": "sha512-6dNZu0Ki+gyV0eBsFKJhYr+MdQYAzFUGlBMNj3GNrmHxmz1lfRa24CjFObPXtjcetlOv5Ad299MhIK0znp3afw=="
    },
    "node_modules/react-papaparse": {
      "version": "4.0.2",
      "resolved": "https://registry.npmjs.org/react-papaparse/-/react-papaparse-4.0.2.tgz",
      "integrity": "sha512-epMdLfJgDcD7tpau897HiRY8vU2Zr6+MCnxo1di1lA+xpri8L/hQAy7ehSBTCVMvUt/O9LgB5Wx3VT9R6Bg2lg==",
      "dependencies": {
        "@types/papaparse": "^5.3.1",
        "papaparse": "^5.3.1"
      },
      "engines": {
        "node": ">=8",
        "npm": ">=5"
      }
    }
  },
  "dependencies": {
    "@types/node": {
      "version": "17.0.33",
      "resolved": "https://registry.npmjs.org/@types/node/-/node-17.0.33.tgz",
      "integrity": "sha512-miWq2m2FiQZmaHfdZNcbpp9PuXg34W5JZ5CrJ/BaS70VuhoJENBEQybeiYSaPBRNq6KQGnjfEnc/F3PN++D+XQ=="
    },
    "@types/papaparse": {
      "version": "5.3.2",
      "resolved": "https://registry.npmjs.org/@types/papaparse/-/papaparse-5.3.2.tgz",
      "integrity": "sha512-BNbCHJkTE4RwmAFkCxEalET4mDvGr/1ld7ZtQ4i/laWI/iiVt+GL07stdvufle4KfywyvloqqpIiJscXNCrKxA==",
      "requires": {
        "@types/node": "*"
      }
    },
    "papaparse": {
      "version": "5.3.2",
      "resolved": "https://registry.npmjs.org/papaparse/-/papaparse-5.3.2.tgz",
      "integrity": "sha512-6dNZu0Ki+gyV0eBsFKJhYr+MdQYAzFUGlBMNj3GNrmHxmz1lfRa24CjFObPXtjcetlOv5Ad299MhIK0znp3afw=="
    },
    "react-papaparse": {
      "version": "4.0.2",
      "resolved": "https://registry.npmjs.org/react-papaparse/-/react-papaparse-4.0.2.tgz",
      "integrity": "sha512-epMdLfJgDcD7tpau897HiRY8vU2Zr6+MCnxo1di1lA+xpri8L/hQAy7ehSBTCVMvUt/O9LgB5Wx3VT9R6Bg2lg==",
      "requires": {
        "@types/papaparse": "^5.3.1",
        "papaparse": "^5.3.1"
      }
    }
  }
}
